
Microsoft Visual Studio Solution File, Format Version 12.00
# Visual Studio Version 17
VisualStudioVersion = 17.5.002.0
MinimumVisualStudioVersion = 10.0.40219.1
Project("{2150E333-8FDC-42A3-9474-1A3956D46DE8}") = "C#-Resposta", "C#-Resposta", "{997D1C56-C092-4800-987D-E4AD828EC819}"
EndProject
Project("{9A19103F-16F7-4668-BE54-9A1E7A4F7556}") = "desafio-resposta-C#", "C#-Resposta\desafio-resposta-C#\desafio-resposta-C#.csproj", "{7532F53D-70DA-4BA9-909F-9AC00BC34235}"
EndProject
Global
	GlobalSection(SolutionConfigurationPlatforms) = preSolution
		Debug|Any CPU = Debug|Any CPU
		Release|Any CPU = Release|Any CPU
	EndGlobalSection
	GlobalSection(ProjectConfigurationPlatforms) = postSolution
		{7532F53D-70DA-4BA9-909F-9AC00BC34235}.Debug|Any CPU.ActiveCfg = Debug|Any CPU
		{7532F53D-70DA-4BA9-909F-9AC00BC34235}.Debug|Any CPU.Build.0 = Debug|Any CPU
		{7532F53D-70DA-4BA9-909F-9AC00BC34235}.Release|Any CPU.ActiveCfg = Release|Any CPU
		{7532F53D-70DA-4BA9-909F-9AC00BC34235}.Release|Any CPU.Build.0 = Release|Any CPU
	EndGlobalSection
	GlobalSection(SolutionProperties) = preSolution
		HideSolutionNode = FALSE
	EndGlobalSection
	GlobalSection(NestedProjects) = preSolution
		{7532F53D-70DA-4BA9-909F-9AC00BC34235} = {997D1C56-C092-4800-987D-E4AD828EC819}
	EndGlobalSection
	GlobalSection(ExtensibilityGlobals) = postSolution
		SolutionGuid = {788F9B5C-BDDE-4C53-A429-A4CD10F70915}
	EndGlobalSection
EndGlobal
